
Microsoft Visual Studio Solution File, Format Version 12.00
# Visual Studio 15
VisualStudioVersion = 15.0.27130.2027
MinimumVisualStudioVersion = 10.0.40219.1
Project("{FAE04EC0-301F-11D3-BF4B-00C04F79EFBC}") = "Augurk.CSharpAnalyzer.Specifications", "Augurk.CSharpAnalyzer.Specifications\Augurk.CSharpAnalyzer.Specifications.csproj", "{FAE052F9-2627-49AC-91DB-F5A814AE8C1E}"
EndProject
Project("{2150E333-8FDC-42A3-9474-1A3956D46DE8}") = "Analyzable Projects", "Analyzable Projects", "{6BDD0DA5-2FDC-4291-B6CC-92F5441DFE9F}"
EndProject
Project("{FAE04EC0-301F-11D3-BF4B-00C04F79EFBC}") = "Cucumis.Specifications", "Analyzable Projects\Cucumis.Specifications\Cucumis.Specifications.csproj", "{1DDB4DBE-4543-4F61-9B1D-D5E38131FD20}"
EndProject
Project("{FAE04EC0-301F-11D3-BF4B-00C04F79EFBC}") = "Cucumis", "Analyzable Projects\Cucumis\Cucumis.csproj", "{2EB47A40-F3EA-40A8-ACAD-65A561216A05}"
EndProject
Project("{9A19103F-16F7-4668-BE54-9A1E7A4F7556}") = "Augurk.CSharpAnalyzer.Core", "Augurk.CSharpAnalyzer.Core\Augurk.CSharpAnalyzer.Core.csproj", "{F6F8A4AA-93D2-4F3E-A150-FCE52F3C3CF0}"
EndProject
Project("{9A19103F-16F7-4668-BE54-9A1E7A4F7556}") = "Augurk.CSharpAnalyzer.NetCore", "Augurk.CSharpAnalyzer.NetCore\Augurk.CSharpAnalyzer.NetCore.csproj", "{97A3795D-AE6C-4B48-9038-88B458405856}"
EndProject
Project("{9A19103F-16F7-4668-BE54-9A1E7A4F7556}") = "Augurk.CSharpAnalyzer.UnitTest", "Augurk.CSharpAnalyzer.UnitTest\Augurk.CSharpAnalyzer.UnitTest.csproj", "{6F3A1960-E494-4668-B03E-99425104E277}"
EndProject
Project("{2150E333-8FDC-42A3-9474-1A3956D46DE8}") = "Solution Items", "Solution Items", "{6C76CA85-FD46-4C03-BD30-BEEBC42BB4B2}"
	ProjectSection(SolutionItems) = preProject
		..\azure-pipelines.yml = ..\azure-pipelines.yml
		..\GitVersion.yml = ..\GitVersion.yml
		..\README.md = ..\README.md
	EndProjectSection
EndProject
Project("{FAE04EC0-301F-11D3-BF4B-00C04F79EFBC}") = "Augurk.CSharpAnalyzer.NetFx", "Augurk.CSharpAnalyzer.NetFx\Augurk.CSharpAnalyzer.NetFx.csproj", "{6A3EC3EA-ADAE-464B-88ED-B676EC5FC872}"
EndProject
Project("{9A19103F-16F7-4668-BE54-9A1E7A4F7556}") = "Augurk.CSharpAnalyzer.Annotations", "Augurk.CSharpAnalyzer.Annotations\Augurk.CSharpAnalyzer.Annotations.csproj", "{DA3A8FF5-D799-4F75-AE54-6923CBB7ED72}"
EndProject
Global
	GlobalSection(SolutionConfigurationPlatforms) = preSolution
		Debug|Any CPU = Debug|Any CPU
		Debug|x86 = Debug|x86
		Release|Any CPU = Release|Any CPU
		Release|x86 = Release|x86
	EndGlobalSection
	GlobalSection(ProjectConfigurationPlatforms) = postSolution
		{FAE052F9-2627-49AC-91DB-F5A814AE8C1E}.Debug|Any CPU.ActiveCfg = Debug|Any CPU
		{FAE052F9-2627-49AC-91DB-F5A814AE8C1E}.Debug|Any CPU.Build.0 = Debug|Any CPU
		{FAE052F9-2627-49AC-91DB-F5A814AE8C1E}.Debug|x86.ActiveCfg = Debug|Any CPU
		{FAE052F9-2627-49AC-91DB-F5A814AE8C1E}.Debug|x86.Build.0 = Debug|Any CPU
		{FAE052F9-2627-49AC-91DB-F5A814AE8C1E}.Release|Any CPU.ActiveCfg = Release|Any CPU
		{FAE052F9-2627-49AC-91DB-F5A814AE8C1E}.Release|Any CPU.Build.0 = Release|Any CPU
		{FAE052F9-2627-49AC-91DB-F5A814AE8C1E}.Release|x86.ActiveCfg = Release|Any CPU
		{FAE052F9-2627-49AC-91DB-F5A814AE8C1E}.Release|x86.Build.0 = Release|Any CPU
		{1DDB4DBE-4543-4F61-9B1D-D5E38131FD20}.Debug|Any CPU.ActiveCfg = Debug|Any CPU
		{1DDB4DBE-4543-4F61-9B1D-D5E38131FD20}.Debug|Any CPU.Build.0 = Debug|Any CPU
		{1DDB4DBE-4543-4F61-9B1D-D5E38131FD20}.Debug|x86.ActiveCfg = Debug|Any CPU
		{1DDB4DBE-4543-4F61-9B1D-D5E38131FD20}.Debug|x86.Build.0 = Debug|Any CPU
		{1DDB4DBE-4543-4F61-9B1D-D5E38131FD20}.Release|Any CPU.ActiveCfg = Release|Any CPU
		{1DDB4DBE-4543-4F61-9B1D-D5E38131FD20}.Release|Any CPU.Build.0 = Release|Any CPU
		{1DDB4DBE-4543-4F61-9B1D-D5E38131FD20}.Release|x86.ActiveCfg = Release|Any CPU
		{1DDB4DBE-4543-4F61-9B1D-D5E38131FD20}.Release|x86.Build.0 = Release|Any CPU
		{2EB47A40-F3EA-40A8-ACAD-65A561216A05}.Debug|Any CPU.ActiveCfg = Debug|Any CPU
		{2EB47A40-F3EA-40A8-ACAD-65A561216A05}.Debug|Any CPU.Build.0 = Debug|Any CPU
		{2EB47A40-F3EA-40A8-ACAD-65A561216A05}.Debug|x86.ActiveCfg = Debug|Any CPU
		{2EB47A40-F3EA-40A8-ACAD-65A561216A05}.Debug|x86.Build.0 = Debug|Any CPU
		{2EB47A40-F3EA-40A8-ACAD-65A561216A05}.Release|Any CPU.ActiveCfg = Release|Any CPU
		{2EB47A40-F3EA-40A8-ACAD-65A561216A05}.Release|Any CPU.Build.0 = Release|Any CPU
		{2EB47A40-F3EA-40A8-ACAD-65A561216A05}.Release|x86.ActiveCfg = Release|Any CPU
		{2EB47A40-F3EA-40A8-ACAD-65A561216A05}.Release|x86.Build.0 = Release|Any CPU
		{F6F8A4AA-93D2-4F3E-A150-FCE52F3C3CF0}.Debug|Any CPU.ActiveCfg = Debug|Any CPU
		{F6F8A4AA-93D2-4F3E-A150-FCE52F3C3CF0}.Debug|Any CPU.Build.0 = Debug|Any CPU
		{F6F8A4AA-93D2-4F3E-A150-FCE52F3C3CF0}.Debug|x86.ActiveCfg = Debug|Any CPU
		{F6F8A4AA-93D2-4F3E-A150-FCE52F3C3CF0}.Debug|x86.Build.0 = Debug|Any CPU
		{F6F8A4AA-93D2-4F3E-A150-FCE52F3C3CF0}.Release|Any CPU.ActiveCfg = Release|Any CPU
		{F6F8A4AA-93D2-4F3E-A150-FCE52F3C3CF0}.Release|Any CPU.Build.0 = Release|Any CPU
		{F6F8A4AA-93D2-4F3E-A150-FCE52F3C3CF0}.Release|x86.ActiveCfg = Release|Any CPU
		{F6F8A4AA-93D2-4F3E-A150-FCE52F3C3CF0}.Release|x86.Build.0 = Release|Any CPU
		{97A3795D-AE6C-4B48-9038-88B458405856}.Debug|Any CPU.ActiveCfg = Debug|Any CPU
		{97A3795D-AE6C-4B48-9038-88B458405856}.Debug|Any CPU.Build.0 = Debug|Any CPU
		{97A3795D-AE6C-4B48-9038-88B458405856}.Debug|x86.ActiveCfg = Debug|Any CPU
		{97A3795D-AE6C-4B48-9038-88B458405856}.Debug|x86.Build.0 = Debug|Any CPU
		{97A3795D-AE6C-4B48-9038-88B458405856}.Release|Any CPU.ActiveCfg = Release|Any CPU
		{97A3795D-AE6C-4B48-9038-88B458405856}.Release|Any CPU.Build.0 = Release|Any CPU
		{97A3795D-AE6C-4B48-9038-88B458405856}.Release|x86.ActiveCfg = Release|Any CPU
		{97A3795D-AE6C-4B48-9038-88B458405856}.Release|x86.Build.0 = Release|Any CPU
		{6F3A1960-E494-4668-B03E-99425104E277}.Debug|Any CPU.ActiveCfg = Debug|Any CPU
		{6F3A1960-E494-4668-B03E-99425104E277}.Debug|Any CPU.Build.0 = Debug|Any CPU
		{6F3A1960-E494-4668-B03E-99425104E277}.Debug|x86.ActiveCfg = Debug|Any CPU
		{6F3A1960-E494-4668-B03E-99425104E277}.Debug|x86.Build.0 = Debug|Any CPU
		{6F3A1960-E494-4668-B03E-99425104E277}.Release|Any CPU.ActiveCfg = Release|Any CPU
		{6F3A1960-E494-4668-B03E-99425104E277}.Release|Any CPU.Build.0 = Release|Any CPU
		{6F3A1960-E494-4668-B03E-99425104E277}.Release|x86.ActiveCfg = Release|Any CPU
		{6F3A1960-E494-4668-B03E-99425104E277}.Release|x86.Build.0 = Release|Any CPU
		{6A3EC3EA-ADAE-464B-88ED-B676EC5FC872}.Debug|Any CPU.ActiveCfg = Debug|Any CPU
		{6A3EC3EA-ADAE-464B-88ED-B676EC5FC872}.Debug|Any CPU.Build.0 = Debug|Any CPU
		{6A3EC3EA-ADAE-464B-88ED-B676EC5FC872}.Debug|x86.ActiveCfg = Debug|Any CPU
		{6A3EC3EA-ADAE-464B-88ED-B676EC5FC872}.Debug|x86.Build.0 = Debug|Any CPU
		{6A3EC3EA-ADAE-464B-88ED-B676EC5FC872}.Release|Any CPU.ActiveCfg = Release|Any CPU
		{6A3EC3EA-ADAE-464B-88ED-B676EC5FC872}.Release|Any CPU.Build.0 = Release|Any CPU
		{6A3EC3EA-ADAE-464B-88ED-B676EC5FC872}.Release|x86.ActiveCfg = Release|Any CPU
		{6A3EC3EA-ADAE-464B-88ED-B676EC5FC872}.Release|x86.Build.0 = Release|Any CPU
		{DA3A8FF5-D799-4F75-AE54-6923CBB7ED72}.Debug|Any CPU.ActiveCfg = Debug|Any CPU
		{DA3A8FF5-D799-4F75-AE54-6923CBB7ED72}.Debug|Any CPU.Build.0 = Debug|Any CPU
		{DA3A8FF5-D799-4F75-AE54-6923CBB7ED72}.Debug|x86.ActiveCfg = Debug|Any CPU
		{DA3A8FF5-D799-4F75-AE54-6923CBB7ED72}.Debug|x86.Build.0 = Debug|Any CPU
		{DA3A8FF5-D799-4F75-AE54-6923CBB7ED72}.Release|Any CPU.ActiveCfg = Release|Any CPU
		{DA3A8FF5-D799-4F75-AE54-6923CBB7ED72}.Release|Any CPU.Build.0 = Release|Any CPU
		{DA3A8FF5-D799-4F75-AE54-6923CBB7ED72}.Release|x86.ActiveCfg = Release|Any CPU
		{DA3A8FF5-D799-4F75-AE54-6923CBB7ED72}.Release|x86.Build.0 = Release|Any CPU
	EndGlobalSection
	GlobalSection(SolutionProperties) = preSolution
		HideSolutionNode = FALSE
	EndGlobalSection
	GlobalSection(NestedProjects) = preSolution
		{1DDB4DBE-4543-4F61-9B1D-D5E38131FD20} = {6BDD0DA5-2FDC-4291-B6CC-92F5441DFE9F}
		{2EB47A40-F3EA-40A8-ACAD-65A561216A05} = {6BDD0DA5-2FDC-4291-B6CC-92F5441DFE9F}
	EndGlobalSection
	GlobalSection(ExtensibilityGlobals) = postSolution
		SolutionGuid = {F9D34533-C9BD-417D-B790-E70883F6B16D}
	EndGlobalSection
EndGlobal
